// !$*UTF8*$!
{
	archiveVersion = 1;
	classes = {
	};
	objectVersion = 50;
	objects = {

/* Begin PBXBuildFile section */
		840E272922861E5F00B79A19 /* NotificationHandler.swift in Sources */ = {isa = PBXBuildFile; fileRef = 840E272822861E5F00B79A19 /* NotificationHandler.swift */; };
		848E8DC5228A47A5001F1AE2 /* PreferencesManager.swift in Sources */ = {isa = PBXBuildFile; fileRef = 848E8DC4228A47A5001F1AE2 /* PreferencesManager.swift */; };
		84931440242D3F9F00BB3473 /* SetupViewController.swift in Sources */ = {isa = PBXBuildFile; fileRef = 8493143F242D3F9F00BB3473 /* SetupViewController.swift */; };
		8499CE56242C246A00A6D4AC /* AppMover.framework in Frameworks */ = {isa = PBXBuildFile; fileRef = 84730ABD24286A0A002BA475 /* AppMover.framework */; };
		8499CE57242C246A00A6D4AC /* AppMover.framework in Embed Frameworks */ = {isa = PBXBuildFile; fileRef = 84730ABD24286A0A002BA475 /* AppMover.framework */; settings = {ATTRIBUTES = (CodeSignOnCopy, RemoveHeadersOnCopy, ); }; };
		8499CE58242C246B00A6D4AC /* LaunchAtLogin.framework in Frameworks */ = {isa = PBXBuildFile; fileRef = 841195A424285C77006BD721 /* LaunchAtLogin.framework */; };
		8499CE59242C246B00A6D4AC /* LaunchAtLogin.framework in Embed Frameworks */ = {isa = PBXBuildFile; fileRef = 841195A424285C77006BD721 /* LaunchAtLogin.framework */; settings = {ATTRIBUTES = (CodeSignOnCopy, RemoveHeadersOnCopy, ); }; };
		8499CE5A242C246B00A6D4AC /* ShortcutRecorder.framework in Frameworks */ = {isa = PBXBuildFile; fileRef = 841195A224285C77006BD721 /* ShortcutRecorder.framework */; };
		8499CE5B242C246B00A6D4AC /* ShortcutRecorder.framework in Embed Frameworks */ = {isa = PBXBuildFile; fileRef = 841195A224285C77006BD721 /* ShortcutRecorder.framework */; settings = {ATTRIBUTES = (CodeSignOnCopy, RemoveHeadersOnCopy, ); }; };
		8499CE5C242C246B00A6D4AC /* SnapKit.framework in Frameworks */ = {isa = PBXBuildFile; fileRef = 841195A324285C77006BD721 /* SnapKit.framework */; };
		8499CE5D242C246B00A6D4AC /* SnapKit.framework in Embed Frameworks */ = {isa = PBXBuildFile; fileRef = 841195A324285C77006BD721 /* SnapKit.framework */; settings = {ATTRIBUTES = (CodeSignOnCopy, RemoveHeadersOnCopy, ); }; };
		8499CE5E242C246B00A6D4AC /* Sparkle.framework in Frameworks */ = {isa = PBXBuildFile; fileRef = 84730AC2242871AB002BA475 /* Sparkle.framework */; };
		8499CE5F242C246B00A6D4AC /* Sparkle.framework in Embed Frameworks */ = {isa = PBXBuildFile; fileRef = 84730AC2242871AB002BA475 /* Sparkle.framework */; settings = {ATTRIBUTES = (CodeSignOnCopy, RemoveHeadersOnCopy, ); }; };
		8499CE66242C247900A6D4AC /* LaunchAtLogin.framework.dSYM in Copy Files */ = {isa = PBXBuildFile; fileRef = 8499CE61242C247900A6D4AC /* LaunchAtLogin.framework.dSYM */; settings = {ATTRIBUTES = (CodeSignOnCopy, ); }; };
		8499CE67242C247900A6D4AC /* ShortcutRecorder.framework.dSYM in Copy Files */ = {isa = PBXBuildFile; fileRef = 8499CE62242C247900A6D4AC /* ShortcutRecorder.framework.dSYM */; settings = {ATTRIBUTES = (CodeSignOnCopy, ); }; };
		8499CE68242C247900A6D4AC /* SnapKit.framework.dSYM in Copy Files */ = {isa = PBXBuildFile; fileRef = 8499CE63242C247900A6D4AC /* SnapKit.framework.dSYM */; settings = {ATTRIBUTES = (CodeSignOnCopy, ); }; };
		8499CE69242C247900A6D4AC /* AppMover.framework.dSYM in Copy Files */ = {isa = PBXBuildFile; fileRef = 8499CE64242C247900A6D4AC /* AppMover.framework.dSYM */; settings = {ATTRIBUTES = (CodeSignOnCopy, ); }; };
		8499CE6A242C247900A6D4AC /* Sparkle.framework.dSYM in Copy Files */ = {isa = PBXBuildFile; fileRef = 8499CE65242C247900A6D4AC /* Sparkle.framework.dSYM */; settings = {ATTRIBUTES = (CodeSignOnCopy, ); }; };
		84C478DE22862388006BFD5B /* MenuItemManager.swift in Sources */ = {isa = PBXBuildFile; fileRef = 84C478DD22862388006BFD5B /* MenuItemManager.swift */; };
		84C478E0228629F8006BFD5B /* PreferencesViewController.swift in Sources */ = {isa = PBXBuildFile; fileRef = 84C478DF228629F8006BFD5B /* PreferencesViewController.swift */; };
		84DC7CED228529F400E144A2 /* AppDelegate.swift in Sources */ = {isa = PBXBuildFile; fileRef = 84DC7CEC228529F400E144A2 /* AppDelegate.swift */; };
		84DC7CEF228529F600E144A2 /* Assets.xcassets in Resources */ = {isa = PBXBuildFile; fileRef = 84DC7CEE228529F600E144A2 /* Assets.xcassets */; };
		84DC7CF2228529F600E144A2 /* MainMenu.xib in Resources */ = {isa = PBXBuildFile; fileRef = 84DC7CF0228529F600E144A2 /* MainMenu.xib */; };
/* End PBXBuildFile section */

/* Begin PBXCopyFilesBuildPhase section */
		841195AC24285C8A006BD721 /* Copy Files */ = {
			isa = PBXCopyFilesBuildPhase;
			buildActionMask = 8;
			dstPath = "";
			dstSubfolderSpec = 16;
			files = (
				8499CE66242C247900A6D4AC /* LaunchAtLogin.framework.dSYM in Copy Files */,
				8499CE67242C247900A6D4AC /* ShortcutRecorder.framework.dSYM in Copy Files */,
				8499CE68242C247900A6D4AC /* SnapKit.framework.dSYM in Copy Files */,
				8499CE69242C247900A6D4AC /* AppMover.framework.dSYM in Copy Files */,
				8499CE6A242C247900A6D4AC /* Sparkle.framework.dSYM in Copy Files */,
			);
			name = "Copy Files";
			runOnlyForDeploymentPostprocessing = 1;
		};
		8499CE60242C246B00A6D4AC /* Embed Frameworks */ = {
			isa = PBXCopyFilesBuildPhase;
			buildActionMask = 12;
			dstPath = "";
			dstSubfolderSpec = 10;
			files = (
				8499CE5B242C246B00A6D4AC /* ShortcutRecorder.framework in Embed Frameworks */,
				8499CE59242C246B00A6D4AC /* LaunchAtLogin.framework in Embed Frameworks */,
				8499CE5F242C246B00A6D4AC /* Sparkle.framework in Embed Frameworks */,
				8499CE57242C246A00A6D4AC /* AppMover.framework in Embed Frameworks */,
				8499CE5D242C246B00A6D4AC /* SnapKit.framework in Embed Frameworks */,
			);
			name = "Embed Frameworks";
			runOnlyForDeploymentPostprocessing = 0;
		};
/* End PBXCopyFilesBuildPhase section */

/* Begin PBXFileReference section */
		840E272822861E5F00B79A19 /* NotificationHandler.swift */ = {isa = PBXFileReference; lastKnownFileType = sourcecode.swift; path = NotificationHandler.swift; sourceTree = "<group>"; };
		841195A224285C77006BD721 /* ShortcutRecorder.framework */ = {isa = PBXFileReference; lastKnownFileType = wrapper.framework; name = ShortcutRecorder.framework; path = Carthage/Build/Mac/ShortcutRecorder.framework; sourceTree = "<group>"; };
		841195A324285C77006BD721 /* SnapKit.framework */ = {isa = PBXFileReference; lastKnownFileType = wrapper.framework; name = SnapKit.framework; path = Carthage/Build/Mac/SnapKit.framework; sourceTree = "<group>"; };
		841195A424285C77006BD721 /* LaunchAtLogin.framework */ = {isa = PBXFileReference; lastKnownFileType = wrapper.framework; name = LaunchAtLogin.framework; path = Carthage/Build/Mac/LaunchAtLogin.framework; sourceTree = "<group>"; };
		84730ABD24286A0A002BA475 /* AppMover.framework */ = {isa = PBXFileReference; lastKnownFileType = wrapper.framework; name = AppMover.framework; path = Carthage/Build/Mac/AppMover.framework; sourceTree = "<group>"; };
		84730AC2242871AB002BA475 /* Sparkle.framework */ = {isa = PBXFileReference; lastKnownFileType = wrapper.framework; name = Sparkle.framework; path = Carthage/Build/Mac/Sparkle.framework; sourceTree = "<group>"; };
		848E8DC4228A47A5001F1AE2 /* PreferencesManager.swift */ = {isa = PBXFileReference; lastKnownFileType = sourcecode.swift; path = PreferencesManager.swift; sourceTree = "<group>"; };
		8493143F242D3F9F00BB3473 /* SetupViewController.swift */ = {isa = PBXFileReference; lastKnownFileType = sourcecode.swift; path = SetupViewController.swift; sourceTree = "<group>"; };
		8499CE4C242C216100A6D4AC /* SnapKit.framework.dSYM */ = {isa = PBXFileReference; lastKnownFileType = wrapper.dsym; name = SnapKit.framework.dSYM; path = Carthage/Build/Mac/SnapKit.framework.dSYM; sourceTree = "<group>"; };
		8499CE4D242C216100A6D4AC /* Sparkle.framework.dSYM */ = {isa = PBXFileReference; lastKnownFileType = wrapper.dsym; name = Sparkle.framework.dSYM; path = Carthage/Build/Mac/Sparkle.framework.dSYM; sourceTree = "<group>"; };
		8499CE4E242C216100A6D4AC /* ShortcutRecorder.framework.dSYM */ = {isa = PBXFileReference; lastKnownFileType = wrapper.dsym; name = ShortcutRecorder.framework.dSYM; path = Carthage/Build/Mac/ShortcutRecorder.framework.dSYM; sourceTree = "<group>"; };
		8499CE4F242C216100A6D4AC /* AppMover.framework.dSYM */ = {isa = PBXFileReference; lastKnownFileType = wrapper.dsym; name = AppMover.framework.dSYM; path = Carthage/Build/Mac/AppMover.framework.dSYM; sourceTree = "<group>"; };
		8499CE50242C216100A6D4AC /* LaunchAtLogin.framework.dSYM */ = {isa = PBXFileReference; lastKnownFileType = wrapper.dsym; name = LaunchAtLogin.framework.dSYM; path = Carthage/Build/Mac/LaunchAtLogin.framework.dSYM; sourceTree = "<group>"; };
		8499CE61242C247900A6D4AC /* LaunchAtLogin.framework.dSYM */ = {isa = PBXFileReference; lastKnownFileType = wrapper.dsym; name = LaunchAtLogin.framework.dSYM; path = Carthage/Build/Mac/LaunchAtLogin.framework.dSYM; sourceTree = "<group>"; };
		8499CE62242C247900A6D4AC /* ShortcutRecorder.framework.dSYM */ = {isa = PBXFileReference; lastKnownFileType = wrapper.dsym; name = ShortcutRecorder.framework.dSYM; path = Carthage/Build/Mac/ShortcutRecorder.framework.dSYM; sourceTree = "<group>"; };
		8499CE63242C247900A6D4AC /* SnapKit.framework.dSYM */ = {isa = PBXFileReference; lastKnownFileType = wrapper.dsym; name = SnapKit.framework.dSYM; path = Carthage/Build/Mac/SnapKit.framework.dSYM; sourceTree = "<group>"; };
		8499CE64242C247900A6D4AC /* AppMover.framework.dSYM */ = {isa = PBXFileReference; lastKnownFileType = wrapper.dsym; name = AppMover.framework.dSYM; path = Carthage/Build/Mac/AppMover.framework.dSYM; sourceTree = "<group>"; };
		8499CE65242C247900A6D4AC /* Sparkle.framework.dSYM */ = {isa = PBXFileReference; lastKnownFileType = wrapper.dsym; name = Sparkle.framework.dSYM; path = Carthage/Build/Mac/Sparkle.framework.dSYM; sourceTree = "<group>"; };
		84C478DD22862388006BFD5B /* MenuItemManager.swift */ = {isa = PBXFileReference; lastKnownFileType = sourcecode.swift; path = MenuItemManager.swift; sourceTree = "<group>"; };
		84C478DF228629F8006BFD5B /* PreferencesViewController.swift */ = {isa = PBXFileReference; lastKnownFileType = sourcecode.swift; path = PreferencesViewController.swift; sourceTree = "<group>"; };
		84DC7CE9228529F400E144A2 /* NotificationShortcuts.app */ = {isa = PBXFileReference; explicitFileType = wrapper.application; includeInIndex = 0; path = NotificationShortcuts.app; sourceTree = BUILT_PRODUCTS_DIR; };
		84DC7CEC228529F400E144A2 /* AppDelegate.swift */ = {isa = PBXFileReference; lastKnownFileType = sourcecode.swift; path = AppDelegate.swift; sourceTree = "<group>"; };
		84DC7CEE228529F600E144A2 /* Assets.xcassets */ = {isa = PBXFileReference; lastKnownFileType = folder.assetcatalog; path = Assets.xcassets; sourceTree = "<group>"; };
		84DC7CF1228529F600E144A2 /* Base */ = {isa = PBXFileReference; lastKnownFileType = file.xib; name = Base; path = Base.lproj/MainMenu.xib; sourceTree = "<group>"; };
		84DC7CF3228529F600E144A2 /* Info.plist */ = {isa = PBXFileReference; lastKnownFileType = text.plist.xml; path = Info.plist; sourceTree = "<group>"; };
		84DC7CF4228529F600E144A2 /* NotificationShortcuts.entitlements */ = {isa = PBXFileReference; lastKnownFileType = text.plist.entitlements; path = NotificationShortcuts.entitlements; sourceTree = "<group>"; };
/* End PBXFileReference section */

/* Begin PBXFrameworksBuildPhase section */
		84DC7CE6228529F400E144A2 /* Frameworks */ = {
			isa = PBXFrameworksBuildPhase;
			buildActionMask = 2147483647;
			files = (
				8499CE5A242C246B00A6D4AC /* ShortcutRecorder.framework in Frameworks */,
				8499CE58242C246B00A6D4AC /* LaunchAtLogin.framework in Frameworks */,
				8499CE5E242C246B00A6D4AC /* Sparkle.framework in Frameworks */,
				8499CE56242C246A00A6D4AC /* AppMover.framework in Frameworks */,
				8499CE5C242C246B00A6D4AC /* SnapKit.framework in Frameworks */,
			);
			runOnlyForDeploymentPostprocessing = 0;
		};
/* End PBXFrameworksBuildPhase section */

/* Begin PBXGroup section */
		840E272A22861E6600B79A19 /* Supporting Files */ = {
			isa = PBXGroup;
			children = (
				84DC7CF0228529F600E144A2 /* MainMenu.xib */,
				84DC7CEE228529F600E144A2 /* Assets.xcassets */,
				84DC7CF3228529F600E144A2 /* Info.plist */,
				84DC7CF4228529F600E144A2 /* NotificationShortcuts.entitlements */,
			);
			path = "Supporting Files";
			sourceTree = "<group>";
		};
		841195A124285C77006BD721 /* Frameworks */ = {
			isa = PBXGroup;
			children = (
				84730AC2242871AB002BA475 /* Sparkle.framework */,
				84730ABD24286A0A002BA475 /* AppMover.framework */,
				841195A424285C77006BD721 /* LaunchAtLogin.framework */,
				841195A224285C77006BD721 /* ShortcutRecorder.framework */,
				841195A324285C77006BD721 /* SnapKit.framework */,
			);
			name = Frameworks;
			sourceTree = "<group>";
		};
		84DC7CE0228529F400E144A2 = {
			isa = PBXGroup;
			children = (
				8499CE4F242C216100A6D4AC /* AppMover.framework.dSYM */,
				8499CE64242C247900A6D4AC /* AppMover.framework.dSYM */,
				8499CE50242C216100A6D4AC /* LaunchAtLogin.framework.dSYM */,
				8499CE4E242C216100A6D4AC /* ShortcutRecorder.framework.dSYM */,
				8499CE4C242C216100A6D4AC /* SnapKit.framework.dSYM */,
				8499CE4D242C216100A6D4AC /* Sparkle.framework.dSYM */,
				8499CE61242C247900A6D4AC /* LaunchAtLogin.framework.dSYM */,
				8499CE62242C247900A6D4AC /* ShortcutRecorder.framework.dSYM */,
				8499CE63242C247900A6D4AC /* SnapKit.framework.dSYM */,
				8499CE65242C247900A6D4AC /* Sparkle.framework.dSYM */,
				84DC7CEB228529F400E144A2 /* NotificationShortcuts */,
				84DC7CEA228529F400E144A2 /* Products */,
				841195A124285C77006BD721 /* Frameworks */,
			);
			sourceTree = "<group>";
		};
		84DC7CEA228529F400E144A2 /* Products */ = {
			isa = PBXGroup;
			children = (
				84DC7CE9228529F400E144A2 /* NotificationShortcuts.app */,
			);
			name = Products;
			sourceTree = "<group>";
		};
		84DC7CEB228529F400E144A2 /* NotificationShortcuts */ = {
			isa = PBXGroup;
			children = (
				84DC7CEC228529F400E144A2 /* AppDelegate.swift */,
				84C478DD22862388006BFD5B /* MenuItemManager.swift */,
				840E272822861E5F00B79A19 /* NotificationHandler.swift */,
				848E8DC4228A47A5001F1AE2 /* PreferencesManager.swift */,
				84C478DF228629F8006BFD5B /* PreferencesViewController.swift */,
				8493143F242D3F9F00BB3473 /* SetupViewController.swift */,
				840E272A22861E6600B79A19 /* Supporting Files */,
			);
			path = NotificationShortcuts;
			sourceTree = "<group>";
		};
/* End PBXGroup section */

/* Begin PBXNativeTarget section */
		84DC7CE8228529F400E144A2 /* NotificationShortcuts */ = {
			isa = PBXNativeTarget;
			buildConfigurationList = 84DC7CF7228529F600E144A2 /* Build configuration list for PBXNativeTarget "NotificationShortcuts" */;
			buildPhases = (
				84DC7CE5228529F400E144A2 /* Sources */,
				84DC7CE6228529F400E144A2 /* Frameworks */,
				84DC7CE7228529F400E144A2 /* Resources */,
				841195AC24285C8A006BD721 /* Copy Files */,
				8499CE60242C246B00A6D4AC /* Embed Frameworks */,
				8499CE6B242C333C00A6D4AC /* ShellScript */,
			);
			buildRules = (
			);
			dependencies = (
			);
			name = NotificationShortcuts;
			productName = NotificationResponders;
			productReference = 84DC7CE9228529F400E144A2 /* NotificationShortcuts.app */;
			productType = "com.apple.product-type.application";
		};
/* End PBXNativeTarget section */

/* Begin PBXProject section */
		84DC7CE1228529F400E144A2 /* Project object */ = {
			isa = PBXProject;
			attributes = {
				LastSwiftUpdateCheck = 1010;
				LastUpgradeCheck = 1010;
				ORGANIZATIONNAME = "Rocco Del Priore";
				TargetAttributes = {
					84DC7CE8228529F400E144A2 = {
						CreatedOnToolsVersion = 10.1;
						LastSwiftMigration = 1130;
						SystemCapabilities = {
							com.apple.Sandbox = {
								enabled = 1;
							};
						};
					};
				};
			};
			buildConfigurationList = 84DC7CE4228529F400E144A2 /* Build configuration list for PBXProject "NotificationShortcuts" */;
			compatibilityVersion = "Xcode 9.3";
			developmentRegion = en;
			hasScannedForEncodings = 0;
			knownRegions = (
				en,
				Base,
			);
			mainGroup = 84DC7CE0228529F400E144A2;
			productRefGroup = 84DC7CEA228529F400E144A2 /* Products */;
			projectDirPath = "";
			projectRoot = "";
			targets = (
				84DC7CE8228529F400E144A2 /* NotificationShortcuts */,
			);
		};
/* End PBXProject section */

/* Begin PBXResourcesBuildPhase section */
		84DC7CE7228529F400E144A2 /* Resources */ = {
			isa = PBXResourcesBuildPhase;
			buildActionMask = 2147483647;
			files = (
				84DC7CEF228529F600E144A2 /* Assets.xcassets in Resources */,
				84DC7CF2228529F600E144A2 /* MainMenu.xib in Resources */,
			);
			runOnlyForDeploymentPostprocessing = 0;
		};
/* End PBXResourcesBuildPhase section */

/* Begin PBXShellScriptBuildPhase section */
		8499CE6B242C333C00A6D4AC /* ShellScript */ = {
			isa = PBXShellScriptBuildPhase;
			buildActionMask = 2147483647;
			files = (
			);
			inputFileListPaths = (
			);
			inputPaths = (
			);
			outputFileListPaths = (
			);
			outputPaths = (
			);
			runOnlyForDeploymentPostprocessing = 0;
			shellPath = /bin/sh;
			shellScript = "LOCATION=\"${BUILT_PRODUCTS_DIR}\"/\"${FRAMEWORKS_FOLDER_PATH}\"\nIDENTITY=${EXPANDED_CODE_SIGN_IDENTITY_NAME}\n\ncodesign --verbose --force --deep -o runtime --sign \"$IDENTITY\" \"$LOCATION/Sparkle.framework/Versions/A/Resources/AutoUpdate.app\"\ncodesign --verbose --force -o runtime --sign \"$IDENTITY\" \"$LOCATION/Sparkle.framework/Versions/A\"\n\ncodesign --verbose --force --deep -o runtime --sign \"$IDENTITY\" \"$LOCATION/LaunchAtLogin.framework/Versions/A/Resources/LaunchAtLoginHelper.app\"\ncodesign --verbose --force -o runtime --sign \"$IDENTITY\" \"$LOCATION/LaunchAtLogin.framework/Versions/A\"\n";
		};
/* End PBXShellScriptBuildPhase section */

/* Begin PBXSourcesBuildPhase section */
		84DC7CE5228529F400E144A2 /* Sources */ = {
			isa = PBXSourcesBuildPhase;
			buildActionMask = 2147483647;
			files = (
				848E8DC5228A47A5001F1AE2 /* PreferencesManager.swift in Sources */,
				84DC7CED228529F400E144A2 /* AppDelegate.swift in Sources */,
				84C478DE22862388006BFD5B /* MenuItemManager.swift in Sources */,
				840E272922861E5F00B79A19 /* NotificationHandler.swift in Sources */,
				84931440242D3F9F00BB3473 /* SetupViewController.swift in Sources */,
				84C478E0228629F8006BFD5B /* PreferencesViewController.swift in Sources */,
			);
			runOnlyForDeploymentPostprocessing = 0;
		};
/* End PBXSourcesBuildPhase section */

/* Begin PBXVariantGroup section */
		84DC7CF0228529F600E144A2 /* MainMenu.xib */ = {
			isa = PBXVariantGroup;
			children = (
				84DC7CF1228529F600E144A2 /* Base */,
			);
			name = MainMenu.xib;
			sourceTree = "<group>";
		};
/* End PBXVariantGroup section */

/* Begin XCBuildConfiguration section */
		84DC7CF5228529F600E144A2 /* Debug */ = {
			isa = XCBuildConfiguration;
			buildSettings = {
				ALWAYS_SEARCH_USER_PATHS = NO;
				CLANG_ANALYZER_NONNULL = YES;
				CLANG_ANALYZER_NUMBER_OBJECT_CONVERSION = YES_AGGRESSIVE;
				CLANG_CXX_LANGUAGE_STANDARD = "gnu++14";
				CLANG_CXX_LIBRARY = "libc++";
				CLANG_ENABLE_MODULES = YES;
				CLANG_ENABLE_OBJC_ARC = YES;
				CLANG_ENABLE_OBJC_WEAK = YES;
				CLANG_WARN_BLOCK_CAPTURE_AUTORELEASING = YES;
				CLANG_WARN_BOOL_CONVERSION = YES;
				CLANG_WARN_COMMA = YES;
				CLANG_WARN_CONSTANT_CONVERSION = YES;
				CLANG_WARN_DEPRECATED_OBJC_IMPLEMENTATIONS = YES;
				CLANG_WARN_DIRECT_OBJC_ISA_USAGE = YES_ERROR;
				CLANG_WARN_DOCUMENTATION_COMMENTS = YES;
				CLANG_WARN_EMPTY_BODY = YES;
				CLANG_WARN_ENUM_CONVERSION = YES;
				CLANG_WARN_INFINITE_RECURSION = YES;
				CLANG_WARN_INT_CONVERSION = YES;
				CLANG_WARN_NON_LITERAL_NULL_CONVERSION = YES;
				CLANG_WARN_OBJC_IMPLICIT_RETAIN_SELF = YES;
				CLANG_WARN_OBJC_LITERAL_CONVERSION = YES;
				CLANG_WARN_OBJC_ROOT_CLASS = YES_ERROR;
				CLANG_WARN_RANGE_LOOP_ANALYSIS = YES;
				CLANG_WARN_STRICT_PROTOTYPES = YES;
				CLANG_WARN_SUSPICIOUS_MOVE = YES;
				CLANG_WARN_UNGUARDED_AVAILABILITY = YES_AGGRESSIVE;
				CLANG_WARN_UNREACHABLE_CODE = YES;
				CLANG_WARN__DUPLICATE_METHOD_MATCH = YES;
				CODE_SIGN_IDENTITY = "Mac Developer";
				COPY_PHASE_STRIP = NO;
				DEBUG_INFORMATION_FORMAT = dwarf;
				ENABLE_STRICT_OBJC_MSGSEND = YES;
				ENABLE_TESTABILITY = YES;
				GCC_C_LANGUAGE_STANDARD = gnu11;
				GCC_DYNAMIC_NO_PIC = NO;
				GCC_NO_COMMON_BLOCKS = YES;
				GCC_OPTIMIZATION_LEVEL = 0;
				GCC_PREPROCESSOR_DEFINITIONS = (
					"DEBUG=1",
					"$(inherited)",
				);
				GCC_WARN_64_TO_32_BIT_CONVERSION = YES;
				GCC_WARN_ABOUT_RETURN_TYPE = YES_ERROR;
				GCC_WARN_UNDECLARED_SELECTOR = YES;
				GCC_WARN_UNINITIALIZED_AUTOS = YES_AGGRESSIVE;
				GCC_WARN_UNUSED_FUNCTION = YES;
				GCC_WARN_UNUSED_VARIABLE = YES;
				MACOSX_DEPLOYMENT_TARGET = 10.13;
				MTL_ENABLE_DEBUG_INFO = INCLUDE_SOURCE;
				MTL_FAST_MATH = YES;
				ONLY_ACTIVE_ARCH = YES;
				SDKROOT = macosx;
				SWIFT_ACTIVE_COMPILATION_CONDITIONS = DEBUG;
				SWIFT_OPTIMIZATION_LEVEL = "-Onone";
			};
			name = Debug;
		};
		84DC7CF6228529F600E144A2 /* Release */ = {
			isa = XCBuildConfiguration;
			buildSettings = {
				ALWAYS_SEARCH_USER_PATHS = NO;
				CLANG_ANALYZER_NONNULL = YES;
				CLANG_ANALYZER_NUMBER_OBJECT_CONVERSION = YES_AGGRESSIVE;
				CLANG_CXX_LANGUAGE_STANDARD = "gnu++14";
				CLANG_CXX_LIBRARY = "libc++";
				CLANG_ENABLE_MODULES = YES;
				CLANG_ENABLE_OBJC_ARC = YES;
				CLANG_ENABLE_OBJC_WEAK = YES;
				CLANG_WARN_BLOCK_CAPTURE_AUTORELEASING = YES;
				CLANG_WARN_BOOL_CONVERSION = YES;
				CLANG_WARN_COMMA = YES;
				CLANG_WARN_CONSTANT_CONVERSION = YES;
				CLANG_WARN_DEPRECATED_OBJC_IMPLEMENTATIONS = YES;
				CLANG_WARN_DIRECT_OBJC_ISA_USAGE = YES_ERROR;
				CLANG_WARN_DOCUMENTATION_COMMENTS = YES;
				CLANG_WARN_EMPTY_BODY = YES;
				CLANG_WARN_ENUM_CONVERSION = YES;
				CLANG_WARN_INFINITE_RECURSION = YES;
				CLANG_WARN_INT_CONVERSION = YES;
				CLANG_WARN_NON_LITERAL_NULL_CONVERSION = YES;
				CLANG_WARN_OBJC_IMPLICIT_RETAIN_SELF = YES;
				CLANG_WARN_OBJC_LITERAL_CONVERSION = YES;
				CLANG_WARN_OBJC_ROOT_CLASS = YES_ERROR;
				CLANG_WARN_RANGE_LOOP_ANALYSIS = YES;
				CLANG_WARN_STRICT_PROTOTYPES = YES;
				CLANG_WARN_SUSPICIOUS_MOVE = YES;
				CLANG_WARN_UNGUARDED_AVAILABILITY = YES_AGGRESSIVE;
				CLANG_WARN_UNREACHABLE_CODE = YES;
				CLANG_WARN__DUPLICATE_METHOD_MATCH = YES;
				CODE_SIGN_IDENTITY = "Mac Developer";
				COPY_PHASE_STRIP = NO;
				DEBUG_INFORMATION_FORMAT = "dwarf-with-dsym";
				ENABLE_NS_ASSERTIONS = NO;
				ENABLE_STRICT_OBJC_MSGSEND = YES;
				GCC_C_LANGUAGE_STANDARD = gnu11;
				GCC_NO_COMMON_BLOCKS = YES;
				GCC_WARN_64_TO_32_BIT_CONVERSION = YES;
				GCC_WARN_ABOUT_RETURN_TYPE = YES_ERROR;
				GCC_WARN_UNDECLARED_SELECTOR = YES;
				GCC_WARN_UNINITIALIZED_AUTOS = YES_AGGRESSIVE;
				GCC_WARN_UNUSED_FUNCTION = YES;
				GCC_WARN_UNUSED_VARIABLE = YES;
				MACOSX_DEPLOYMENT_TARGET = 10.13;
				MTL_ENABLE_DEBUG_INFO = NO;
				MTL_FAST_MATH = YES;
				SDKROOT = macosx;
				SWIFT_COMPILATION_MODE = wholemodule;
				SWIFT_OPTIMIZATION_LEVEL = "-O";
			};
			name = Release;
		};
		84DC7CF8228529F600E144A2 /* Debug */ = {
			isa = XCBuildConfiguration;
			buildSettings = {
				ASSETCATALOG_COMPILER_APPICON_NAME = AppIcon;
				CODE_SIGN_ENTITLEMENTS = "NotificationShortcuts/Supporting Files/NotificationShortcuts.entitlements";
				CODE_SIGN_INJECT_BASE_ENTITLEMENTS = YES;
				CODE_SIGN_STYLE = Automatic;
				COMBINE_HIDPI_IMAGES = YES;
				CURRENT_PROJECT_VERSION = 1.6;
				DEVELOPMENT_TEAM = 8483RZD2XX;
				ENABLE_HARDENED_RUNTIME = YES;
				FRAMEWORK_SEARCH_PATHS = (
					"$(inherited)",
					"$(PROJECT_DIR)/Carthage/Build/Mac",
				);
				INFOPLIST_FILE = "$(SRCROOT)/NotificationShortcuts/Supporting Files/Info.plist";
				LD_RUNPATH_SEARCH_PATHS = (
					"$(inherited)",
					"@executable_path/../Frameworks",
				);
				MACOSX_DEPLOYMENT_TARGET = 10.12;
				MARKETING_VERSION = 1.0.0;
				OTHER_CODE_SIGN_FLAGS = "--timestamp --options=runtime";
				PRODUCT_BUNDLE_IDENTIFIER = particleapps.NotificationResponders;
				PRODUCT_NAME = "$(TARGET_NAME)";
				SWIFT_VERSION = 5.0;
			};
			name = Debug;
		};
		84DC7CF9228529F600E144A2 /* Release */ = {
			isa = XCBuildConfiguration;
			buildSettings = {
				ASSETCATALOG_COMPILER_APPICON_NAME = AppIcon;
				CODE_SIGN_ENTITLEMENTS = "NotificationShortcuts/Supporting Files/NotificationShortcuts.entitlements";
				CODE_SIGN_IDENTITY = "Developer ID Application";
				CODE_SIGN_INJECT_BASE_ENTITLEMENTS = YES;
				CODE_SIGN_STYLE = Manual;
				COMBINE_HIDPI_IMAGES = YES;
				CURRENT_PROJECT_VERSION = 1.6;
				DEVELOPMENT_TEAM = 8483RZD2XX;
				ENABLE_HARDENED_RUNTIME = YES;
				FRAMEWORK_SEARCH_PATHS = (
					"$(inherited)",
					"$(PROJECT_DIR)/Carthage/Build/Mac",
				);
				INFOPLIST_FILE = "$(SRCROOT)/NotificationShortcuts/Supporting Files/Info.plist";
				LD_RUNPATH_SEARCH_PATHS = (
					"$(inherited)",
					"@executable_path/../Frameworks",
				);
				MACOSX_DEPLOYMENT_TARGET = 10.12;
				MARKETING_VERSION = 1.0.0;
				OTHER_CODE_SIGN_FLAGS = "--timestamp --options=runtime";
				PRODUCT_BUNDLE_IDENTIFIER = particleapps.NotificationResponders;
				PRODUCT_NAME = "$(TARGET_NAME)";
				PROVISIONING_PROFILE_SPECIFIER = NotificationShortcutsDIA;
				SWIFT_VERSION = 5.0;
			};
			name = Release;
		};
/* End XCBuildConfiguration section */

/* Begin XCConfigurationList section */
		84DC7CE4228529F400E144A2 /* Build configuration list for PBXProject "NotificationShortcuts" */ = {
			isa = XCConfigurationList;
			buildConfigurations = (
				84DC7CF5228529F600E144A2 /* Debug */,
				84DC7CF6228529F600E144A2 /* Release */,
			);
			defaultConfigurationIsVisible = 0;
			defaultConfigurationName = Release;
		};
		84DC7CF7228529F600E144A2 /* Build configuration list for PBXNativeTarget "NotificationShortcuts" */ = {
			isa = XCConfigurationList;
			buildConfigurations = (
				84DC7CF8228529F600E144A2 /* Debug */,
				84DC7CF9228529F600E144A2 /* Release */,
			);
			defaultConfigurationIsVisible = 0;
			defaultConfigurationName = Release;
		};
/* End XCConfigurationList section */
	};
	rootObject = 84DC7CE1228529F400E144A2 /* Project object */;
}
