// !$*UTF8*$!
{
	archiveVersion = 1;
	classes = {
	};
	objectVersion = 50;
	objects = {

/* Begin PBXBuildFile section */
		52781F2A1D62BD601CF18322 /* Pods_NotificationShortcuts.framework in Frameworks */ = {isa = PBXBuildFile; fileRef = 829CA55F385BFD8B3C6EC2DD /* Pods_NotificationShortcuts.framework */; };
		840E272922861E5F00B79A19 /* NotificationHandler.swift in Sources */ = {isa = PBXBuildFile; fileRef = 840E272822861E5F00B79A19 /* NotificationHandler.swift */; };
		84C478DE22862388006BFD5B /* MenuItemManager.swift in Sources */ = {isa = PBXBuildFile; fileRef = 84C478DD22862388006BFD5B /* MenuItemManager.swift */; };
		84C478E0228629F8006BFD5B /* PreferencesViewController.swift in Sources */ = {isa = PBXBuildFile; fileRef = 84C478DF228629F8006BFD5B /* PreferencesViewController.swift */; };
		84DC7CED228529F400E144A2 /* AppDelegate.swift in Sources */ = {isa = PBXBuildFile; fileRef = 84DC7CEC228529F400E144A2 /* AppDelegate.swift */; };
		84DC7CEF228529F600E144A2 /* Assets.xcassets in Resources */ = {isa = PBXBuildFile; fileRef = 84DC7CEE228529F600E144A2 /* Assets.xcassets */; };
		84DC7CF2228529F600E144A2 /* MainMenu.xib in Resources */ = {isa = PBXBuildFile; fileRef = 84DC7CF0228529F600E144A2 /* MainMenu.xib */; };
/* End PBXBuildFile section */

/* Begin PBXFileReference section */
		829CA55F385BFD8B3C6EC2DD /* Pods_NotificationShortcuts.framework */ = {isa = PBXFileReference; explicitFileType = wrapper.framework; includeInIndex = 0; path = Pods_NotificationShortcuts.framework; sourceTree = BUILT_PRODUCTS_DIR; };
		840E272822861E5F00B79A19 /* NotificationHandler.swift */ = {isa = PBXFileReference; lastKnownFileType = sourcecode.swift; path = NotificationHandler.swift; sourceTree = "<group>"; };
		84C478DD22862388006BFD5B /* MenuItemManager.swift */ = {isa = PBXFileReference; lastKnownFileType = sourcecode.swift; path = MenuItemManager.swift; sourceTree = "<group>"; };
		84C478DF228629F8006BFD5B /* PreferencesViewController.swift */ = {isa = PBXFileReference; lastKnownFileType = sourcecode.swift; path = PreferencesViewController.swift; sourceTree = "<group>"; };
		84DC7CE9228529F400E144A2 /* NotificationShortcuts.app */ = {isa = PBXFileReference; explicitFileType = wrapper.application; includeInIndex = 0; path = NotificationShortcuts.app; sourceTree = BUILT_PRODUCTS_DIR; };
		84DC7CEC228529F400E144A2 /* AppDelegate.swift */ = {isa = PBXFileReference; lastKnownFileType = sourcecode.swift; path = AppDelegate.swift; sourceTree = "<group>"; };
		84DC7CEE228529F600E144A2 /* Assets.xcassets */ = {isa = PBXFileReference; lastKnownFileType = folder.assetcatalog; path = Assets.xcassets; sourceTree = "<group>"; };
		84DC7CF1228529F600E144A2 /* Base */ = {isa = PBXFileReference; lastKnownFileType = file.xib; name = Base; path = Base.lproj/MainMenu.xib; sourceTree = "<group>"; };
		84DC7CF3228529F600E144A2 /* Info.plist */ = {isa = PBXFileReference; lastKnownFileType = text.plist.xml; path = Info.plist; sourceTree = "<group>"; };
		84DC7CF4228529F600E144A2 /* NotificationShortcuts.entitlements */ = {isa = PBXFileReference; lastKnownFileType = text.plist.entitlements; path = NotificationShortcuts.entitlements; sourceTree = "<group>"; };
		9D8D77316C1E6582676931E1 /* Pods-NotificationShortcuts.release.xcconfig */ = {isa = PBXFileReference; includeInIndex = 1; lastKnownFileType = text.xcconfig; name = "Pods-NotificationShortcuts.release.xcconfig"; path = "Pods/Target Support Files/Pods-NotificationShortcuts/Pods-NotificationShortcuts.release.xcconfig"; sourceTree = "<group>"; };
		BAA3C4B73D188CB36ADFCC0D /* Pods-NotificationShortcuts.debug.xcconfig */ = {isa = PBXFileReference; includeInIndex = 1; lastKnownFileType = text.xcconfig; name = "Pods-NotificationShortcuts.debug.xcconfig"; path = "Pods/Target Support Files/Pods-NotificationShortcuts/Pods-NotificationShortcuts.debug.xcconfig"; sourceTree = "<group>"; };
/* End PBXFileReference section */

/* Begin PBXFrameworksBuildPhase section */
		84DC7CE6228529F400E144A2 /* Frameworks */ = {
			isa = PBXFrameworksBuildPhase;
			buildActionMask = 2147483647;
			files = (
				52781F2A1D62BD601CF18322 /* Pods_NotificationShortcuts.framework in Frameworks */,
			);
			runOnlyForDeploymentPostprocessing = 0;
		};
/* End PBXFrameworksBuildPhase section */

/* Begin PBXGroup section */
		12C83D49EC6B4868F65AC94D /* Frameworks */ = {
			isa = PBXGroup;
			children = (
				829CA55F385BFD8B3C6EC2DD /* Pods_NotificationShortcuts.framework */,
			);
			name = Frameworks;
			sourceTree = "<group>";
		};
		71665E87BCEC715015C96E2A /* Pods */ = {
			isa = PBXGroup;
			children = (
				BAA3C4B73D188CB36ADFCC0D /* Pods-NotificationShortcuts.debug.xcconfig */,
				9D8D77316C1E6582676931E1 /* Pods-NotificationShortcuts.release.xcconfig */,
			);
			name = Pods;
			sourceTree = "<group>";
		};
		840E272A22861E6600B79A19 /* Supporting Files */ = {
			isa = PBXGroup;
			children = (
				84DC7CF0228529F600E144A2 /* MainMenu.xib */,
				84DC7CEE228529F600E144A2 /* Assets.xcassets */,
				84DC7CF3228529F600E144A2 /* Info.plist */,
				84DC7CF4228529F600E144A2 /* NotificationShortcuts.entitlements */,
			);
			path = "Supporting Files";
			sourceTree = "<group>";
		};
		84DC7CE0228529F400E144A2 = {
			isa = PBXGroup;
			children = (
				84DC7CEB228529F400E144A2 /* NotificationShortcuts */,
				84DC7CEA228529F400E144A2 /* Products */,
				71665E87BCEC715015C96E2A /* Pods */,
				12C83D49EC6B4868F65AC94D /* Frameworks */,
			);
			sourceTree = "<group>";
		};
		84DC7CEA228529F400E144A2 /* Products */ = {
			isa = PBXGroup;
			children = (
				84DC7CE9228529F400E144A2 /* NotificationShortcuts.app */,
			);
			name = Products;
			sourceTree = "<group>";
		};
		84DC7CEB228529F400E144A2 /* NotificationShortcuts */ = {
			isa = PBXGroup;
			children = (
				84DC7CEC228529F400E144A2 /* AppDelegate.swift */,
				84C478DD22862388006BFD5B /* MenuItemManager.swift */,
				840E272822861E5F00B79A19 /* NotificationHandler.swift */,
				84C478DF228629F8006BFD5B /* PreferencesViewController.swift */,
				840E272A22861E6600B79A19 /* Supporting Files */,
			);
			path = NotificationShortcuts;
			sourceTree = "<group>";
		};
/* End PBXGroup section */

/* Begin PBXNativeTarget section */
		84DC7CE8228529F400E144A2 /* NotificationShortcuts */ = {
			isa = PBXNativeTarget;
			buildConfigurationList = 84DC7CF7228529F600E144A2 /* Build configuration list for PBXNativeTarget "NotificationShortcuts" */;
			buildPhases = (
				76FA36430B6AC29134204007 /* [CP] Check Pods Manifest.lock */,
				84DC7CE5228529F400E144A2 /* Sources */,
				84DC7CE6228529F400E144A2 /* Frameworks */,
				84DC7CE7228529F400E144A2 /* Resources */,
				14E2674F1AD6049777195E05 /* [CP] Embed Pods Frameworks */,
			);
			buildRules = (
			);
			dependencies = (
			);
			name = NotificationShortcuts;
			productName = NotificationResponders;
			productReference = 84DC7CE9228529F400E144A2 /* NotificationShortcuts.app */;
			productType = "com.apple.product-type.application";
		};
/* End PBXNativeTarget section */

/* Begin PBXProject section */
		84DC7CE1228529F400E144A2 /* Project object */ = {
			isa = PBXProject;
			attributes = {
				LastSwiftUpdateCheck = 1010;
				LastUpgradeCheck = 1010;
				ORGANIZATIONNAME = "Rocco Del Priore";
				TargetAttributes = {
					84DC7CE8228529F400E144A2 = {
						CreatedOnToolsVersion = 10.1;
						SystemCapabilities = {
							com.apple.Sandbox = {
								enabled = 0;
							};
						};
					};
				};
			};
			buildConfigurationList = 84DC7CE4228529F400E144A2 /* Build configuration list for PBXProject "NotificationShortcuts" */;
			compatibilityVersion = "Xcode 9.3";
			developmentRegion = en;
			hasScannedForEncodings = 0;
			knownRegions = (
				en,
				Base,
			);
			mainGroup = 84DC7CE0228529F400E144A2;
			productRefGroup = 84DC7CEA228529F400E144A2 /* Products */;
			projectDirPath = "";
			projectRoot = "";
			targets = (
				84DC7CE8228529F400E144A2 /* NotificationShortcuts */,
			);
		};
/* End PBXProject section */

/* Begin PBXResourcesBuildPhase section */
		84DC7CE7228529F400E144A2 /* Resources */ = {
			isa = PBXResourcesBuildPhase;
			buildActionMask = 2147483647;
			files = (
				84DC7CEF228529F600E144A2 /* Assets.xcassets in Resources */,
				84DC7CF2228529F600E144A2 /* MainMenu.xib in Resources */,
			);
			runOnlyForDeploymentPostprocessing = 0;
		};
/* End PBXResourcesBuildPhase section */

/* Begin PBXShellScriptBuildPhase section */
		14E2674F1AD6049777195E05 /* [CP] Embed Pods Frameworks */ = {
			isa = PBXShellScriptBuildPhase;
			buildActionMask = 2147483647;
			files = (
			);
			inputPaths = (
				"${SRCROOT}/Pods/Target Support Files/Pods-NotificationShortcuts/Pods-NotificationShortcuts-frameworks.sh",
				"${BUILT_PRODUCTS_DIR}/ShortcutRecorder/ShortcutRecorder.framework",
			);
			name = "[CP] Embed Pods Frameworks";
			outputPaths = (
				"${TARGET_BUILD_DIR}/${FRAMEWORKS_FOLDER_PATH}/ShortcutRecorder.framework",
			);
			runOnlyForDeploymentPostprocessing = 0;
			shellPath = /bin/sh;
			shellScript = "\"${SRCROOT}/Pods/Target Support Files/Pods-NotificationShortcuts/Pods-NotificationShortcuts-frameworks.sh\"\n";
			showEnvVarsInLog = 0;
		};
		76FA36430B6AC29134204007 /* [CP] Check Pods Manifest.lock */ = {
			isa = PBXShellScriptBuildPhase;
			buildActionMask = 2147483647;
			files = (
			);
			inputPaths = (
				"${PODS_PODFILE_DIR_PATH}/Podfile.lock",
				"${PODS_ROOT}/Manifest.lock",
			);
			name = "[CP] Check Pods Manifest.lock";
			outputPaths = (
				"$(DERIVED_FILE_DIR)/Pods-NotificationShortcuts-checkManifestLockResult.txt",
			);
			runOnlyForDeploymentPostprocessing = 0;
			shellPath = /bin/sh;
			shellScript = "diff \"${PODS_PODFILE_DIR_PATH}/Podfile.lock\" \"${PODS_ROOT}/Manifest.lock\" > /dev/null\nif [ $? != 0 ] ; then\n    # print error to STDERR\n    echo \"error: The sandbox is not in sync with the Podfile.lock. Run 'pod install' or update your CocoaPods installation.\" >&2\n    exit 1\nfi\n# This output is used by Xcode 'outputs' to avoid re-running this script phase.\necho \"SUCCESS\" > \"${SCRIPT_OUTPUT_FILE_0}\"\n";
			showEnvVarsInLog = 0;
		};
/* End PBXShellScriptBuildPhase section */

/* Begin PBXSourcesBuildPhase section */
		84DC7CE5228529F400E144A2 /* Sources */ = {
			isa = PBXSourcesBuildPhase;
			buildActionMask = 2147483647;
			files = (
				84DC7CED228529F400E144A2 /* AppDelegate.swift in Sources */,
				84C478DE22862388006BFD5B /* MenuItemManager.swift in Sources */,
				840E272922861E5F00B79A19 /* NotificationHandler.swift in Sources */,
				84C478E0228629F8006BFD5B /* PreferencesViewController.swift in Sources */,
			);
			runOnlyForDeploymentPostprocessing = 0;
		};
/* End PBXSourcesBuildPhase section */

/* Begin PBXVariantGroup section */
		84DC7CF0228529F600E144A2 /* MainMenu.xib */ = {
			isa = PBXVariantGroup;
			children = (
				84DC7CF1228529F600E144A2 /* Base */,
			);
			name = MainMenu.xib;
			sourceTree = "<group>";
		};
/* End PBXVariantGroup section */

/* Begin XCBuildConfiguration section */
		84DC7CF5228529F600E144A2 /* Debug */ = {
			isa = XCBuildConfiguration;
			buildSettings = {
				ALWAYS_SEARCH_USER_PATHS = NO;
				CLANG_ANALYZER_NONNULL = YES;
				CLANG_ANALYZER_NUMBER_OBJECT_CONVERSION = YES_AGGRESSIVE;
				CLANG_CXX_LANGUAGE_STANDARD = "gnu++14";
				CLANG_CXX_LIBRARY = "libc++";
				CLANG_ENABLE_MODULES = YES;
				CLANG_ENABLE_OBJC_ARC = YES;
				CLANG_ENABLE_OBJC_WEAK = YES;
				CLANG_WARN_BLOCK_CAPTURE_AUTORELEASING = YES;
				CLANG_WARN_BOOL_CONVERSION = YES;
				CLANG_WARN_COMMA = YES;
				CLANG_WARN_CONSTANT_CONVERSION = YES;
				CLANG_WARN_DEPRECATED_OBJC_IMPLEMENTATIONS = YES;
				CLANG_WARN_DIRECT_OBJC_ISA_USAGE = YES_ERROR;
				CLANG_WARN_DOCUMENTATION_COMMENTS = YES;
				CLANG_WARN_EMPTY_BODY = YES;
				CLANG_WARN_ENUM_CONVERSION = YES;
				CLANG_WARN_INFINITE_RECURSION = YES;
				CLANG_WARN_INT_CONVERSION = YES;
				CLANG_WARN_NON_LITERAL_NULL_CONVERSION = YES;
				CLANG_WARN_OBJC_IMPLICIT_RETAIN_SELF = YES;
				CLANG_WARN_OBJC_LITERAL_CONVERSION = YES;
				CLANG_WARN_OBJC_ROOT_CLASS = YES_ERROR;
				CLANG_WARN_RANGE_LOOP_ANALYSIS = YES;
				CLANG_WARN_STRICT_PROTOTYPES = YES;
				CLANG_WARN_SUSPICIOUS_MOVE = YES;
				CLANG_WARN_UNGUARDED_AVAILABILITY = YES_AGGRESSIVE;
				CLANG_WARN_UNREACHABLE_CODE = YES;
				CLANG_WARN__DUPLICATE_METHOD_MATCH = YES;
				CODE_SIGN_IDENTITY = "Mac Developer";
				COPY_PHASE_STRIP = NO;
				DEBUG_INFORMATION_FORMAT = dwarf;
				ENABLE_STRICT_OBJC_MSGSEND = YES;
				ENABLE_TESTABILITY = YES;
				GCC_C_LANGUAGE_STANDARD = gnu11;
				GCC_DYNAMIC_NO_PIC = NO;
				GCC_NO_COMMON_BLOCKS = YES;
				GCC_OPTIMIZATION_LEVEL = 0;
				GCC_PREPROCESSOR_DEFINITIONS = (
					"DEBUG=1",
					"$(inherited)",
				);
				GCC_WARN_64_TO_32_BIT_CONVERSION = YES;
				GCC_WARN_ABOUT_RETURN_TYPE = YES_ERROR;
				GCC_WARN_UNDECLARED_SELECTOR = YES;
				GCC_WARN_UNINITIALIZED_AUTOS = YES_AGGRESSIVE;
				GCC_WARN_UNUSED_FUNCTION = YES;
				GCC_WARN_UNUSED_VARIABLE = YES;
				MACOSX_DEPLOYMENT_TARGET = 10.13;
				MTL_ENABLE_DEBUG_INFO = INCLUDE_SOURCE;
				MTL_FAST_MATH = YES;
				ONLY_ACTIVE_ARCH = YES;
				SDKROOT = macosx;
				SWIFT_ACTIVE_COMPILATION_CONDITIONS = DEBUG;
				SWIFT_OPTIMIZATION_LEVEL = "-Onone";
			};
			name = Debug;
		};
		84DC7CF6228529F600E144A2 /* Release */ = {
			isa = XCBuildConfiguration;
			buildSettings = {
				ALWAYS_SEARCH_USER_PATHS = NO;
				CLANG_ANALYZER_NONNULL = YES;
				CLANG_ANALYZER_NUMBER_OBJECT_CONVERSION = YES_AGGRESSIVE;
				CLANG_CXX_LANGUAGE_STANDARD = "gnu++14";
				CLANG_CXX_LIBRARY = "libc++";
				CLANG_ENABLE_MODULES = YES;
				CLANG_ENABLE_OBJC_ARC = YES;
				CLANG_ENABLE_OBJC_WEAK = YES;
				CLANG_WARN_BLOCK_CAPTURE_AUTORELEASING = YES;
				CLANG_WARN_BOOL_CONVERSION = YES;
				CLANG_WARN_COMMA = YES;
				CLANG_WARN_CONSTANT_CONVERSION = YES;
				CLANG_WARN_DEPRECATED_OBJC_IMPLEMENTATIONS = YES;
				CLANG_WARN_DIRECT_OBJC_ISA_USAGE = YES_ERROR;
				CLANG_WARN_DOCUMENTATION_COMMENTS = YES;
				CLANG_WARN_EMPTY_BODY = YES;
				CLANG_WARN_ENUM_CONVERSION = YES;
				CLANG_WARN_INFINITE_RECURSION = YES;
				CLANG_WARN_INT_CONVERSION = YES;
				CLANG_WARN_NON_LITERAL_NULL_CONVERSION = YES;
				CLANG_WARN_OBJC_IMPLICIT_RETAIN_SELF = YES;
				CLANG_WARN_OBJC_LITERAL_CONVERSION = YES;
				CLANG_WARN_OBJC_ROOT_CLASS = YES_ERROR;
				CLANG_WARN_RANGE_LOOP_ANALYSIS = YES;
				CLANG_WARN_STRICT_PROTOTYPES = YES;
				CLANG_WARN_SUSPICIOUS_MOVE = YES;
				CLANG_WARN_UNGUARDED_AVAILABILITY = YES_AGGRESSIVE;
				CLANG_WARN_UNREACHABLE_CODE = YES;
				CLANG_WARN__DUPLICATE_METHOD_MATCH = YES;
				CODE_SIGN_IDENTITY = "Mac Developer";
				COPY_PHASE_STRIP = NO;
				DEBUG_INFORMATION_FORMAT = "dwarf-with-dsym";
				ENABLE_NS_ASSERTIONS = NO;
				ENABLE_STRICT_OBJC_MSGSEND = YES;
				GCC_C_LANGUAGE_STANDARD = gnu11;
				GCC_NO_COMMON_BLOCKS = YES;
				GCC_WARN_64_TO_32_BIT_CONVERSION = YES;
				GCC_WARN_ABOUT_RETURN_TYPE = YES_ERROR;
				GCC_WARN_UNDECLARED_SELECTOR = YES;
				GCC_WARN_UNINITIALIZED_AUTOS = YES_AGGRESSIVE;
				GCC_WARN_UNUSED_FUNCTION = YES;
				GCC_WARN_UNUSED_VARIABLE = YES;
				MACOSX_DEPLOYMENT_TARGET = 10.13;
				MTL_ENABLE_DEBUG_INFO = NO;
				MTL_FAST_MATH = YES;
				SDKROOT = macosx;
				SWIFT_COMPILATION_MODE = wholemodule;
				SWIFT_OPTIMIZATION_LEVEL = "-O";
			};
			name = Release;
		};
		84DC7CF8228529F600E144A2 /* Debug */ = {
			isa = XCBuildConfiguration;
			baseConfigurationReference = BAA3C4B73D188CB36ADFCC0D /* Pods-NotificationShortcuts.debug.xcconfig */;
			buildSettings = {
				ASSETCATALOG_COMPILER_APPICON_NAME = AppIcon;
				CODE_SIGN_INJECT_BASE_ENTITLEMENTS = NO;
				CODE_SIGN_STYLE = Automatic;
				COMBINE_HIDPI_IMAGES = YES;
				DEVELOPMENT_TEAM = 77M726UR7J;
				INFOPLIST_FILE = "$(SRCROOT)/NotificationShortcuts/Supporting Files/Info.plist";
				LD_RUNPATH_SEARCH_PATHS = (
					"$(inherited)",
					"@executable_path/../Frameworks",
				);
				MACOSX_DEPLOYMENT_TARGET = 10.11;
				PRODUCT_BUNDLE_IDENTIFIER = particleapps.NotificationResponders;
				PRODUCT_NAME = "$(TARGET_NAME)";
				SWIFT_VERSION = 4.2;
			};
			name = Debug;
		};
		84DC7CF9228529F600E144A2 /* Release */ = {
			isa = XCBuildConfiguration;
			baseConfigurationReference = 9D8D77316C1E6582676931E1 /* Pods-NotificationShortcuts.release.xcconfig */;
			buildSettings = {
				ASSETCATALOG_COMPILER_APPICON_NAME = AppIcon;
				CODE_SIGN_INJECT_BASE_ENTITLEMENTS = NO;
				CODE_SIGN_STYLE = Automatic;
				COMBINE_HIDPI_IMAGES = YES;
				DEVELOPMENT_TEAM = 77M726UR7J;
				INFOPLIST_FILE = "$(SRCROOT)/NotificationShortcuts/Supporting Files/Info.plist";
				LD_RUNPATH_SEARCH_PATHS = (
					"$(inherited)",
					"@executable_path/../Frameworks",
				);
				MACOSX_DEPLOYMENT_TARGET = 10.11;
				PRODUCT_BUNDLE_IDENTIFIER = particleapps.NotificationResponders;
				PRODUCT_NAME = "$(TARGET_NAME)";
				SWIFT_VERSION = 4.2;
			};
			name = Release;
		};
/* End XCBuildConfiguration section */

/* Begin XCConfigurationList section */
		84DC7CE4228529F400E144A2 /* Build configuration list for PBXProject "NotificationShortcuts" */ = {
			isa = XCConfigurationList;
			buildConfigurations = (
				84DC7CF5228529F600E144A2 /* Debug */,
				84DC7CF6228529F600E144A2 /* Release */,
			);
			defaultConfigurationIsVisible = 0;
			defaultConfigurationName = Release;
		};
		84DC7CF7228529F600E144A2 /* Build configuration list for PBXNativeTarget "NotificationShortcuts" */ = {
			isa = XCConfigurationList;
			buildConfigurations = (
				84DC7CF8228529F600E144A2 /* Debug */,
				84DC7CF9228529F600E144A2 /* Release */,
			);
			defaultConfigurationIsVisible = 0;
			defaultConfigurationName = Release;
		};
/* End XCConfigurationList section */
	};
	rootObject = 84DC7CE1228529F400E144A2 /* Project object */;
}
